// !$*UTF8*$!
{
	archiveVersion = 1;
	classes = {
	};
	objectVersion = 55;
	objects = {

/* Begin PBXBuildFile section */
		601DAC8727AB2E8A00A801BC /* DatabaseManager.swift in Sources */ = {isa = PBXBuildFile; fileRef = 601DAC8627AB2E8A00A801BC /* DatabaseManager.swift */; };
		601DAC8B27AB3F8100A801BC /* ProfileViewController.swift in Sources */ = {isa = PBXBuildFile; fileRef = 601DAC8A27AB3F8100A801BC /* ProfileViewController.swift */; };
		601DAC8E27AB622600A801BC /* MessageKit in Frameworks */ = {isa = PBXBuildFile; productRef = 601DAC8D27AB622600A801BC /* MessageKit */; };
		601DAC9127AB628700A801BC /* JGProgressHUD in Frameworks */ = {isa = PBXBuildFile; productRef = 601DAC9027AB628700A801BC /* JGProgressHUD */; };
		601DAC9427AB66F000A801BC /* Realm in Frameworks */ = {isa = PBXBuildFile; productRef = 601DAC9327AB66F000A801BC /* Realm */; };
		601DAC9627AB66F000A801BC /* RealmSwift in Frameworks */ = {isa = PBXBuildFile; productRef = 601DAC9527AB66F000A801BC /* RealmSwift */; };
		601DAC9927AB673500A801BC /* SDWebImage in Frameworks */ = {isa = PBXBuildFile; productRef = 601DAC9827AB673500A801BC /* SDWebImage */; };
		601DAC9B27AB673500A801BC /* SDWebImageMapKit in Frameworks */ = {isa = PBXBuildFile; productRef = 601DAC9A27AB673500A801BC /* SDWebImageMapKit */; };
		601DAC9D27ABACB100A801BC /* ChatViewController.swift in Sources */ = {isa = PBXBuildFile; fileRef = 601DAC9C27ABACB100A801BC /* ChatViewController.swift */; };
		601DAC9F27ABB2DC00A801BC /* NewConversationViewController.swift in Sources */ = {isa = PBXBuildFile; fileRef = 601DAC9E27ABB2DC00A801BC /* NewConversationViewController.swift */; };
		601DACA127ABB78100A801BC /* StorageManager.swift in Sources */ = {isa = PBXBuildFile; fileRef = 601DACA027ABB78100A801BC /* StorageManager.swift */; };
		601DACA427ABB8E000A801BC /* FirebaseAuth in Frameworks */ = {isa = PBXBuildFile; productRef = 601DACA327ABB8E000A801BC /* FirebaseAuth */; };
		601DACA627ABB8E000A801BC /* FirebaseDatabase in Frameworks */ = {isa = PBXBuildFile; productRef = 601DACA527ABB8E000A801BC /* FirebaseDatabase */; };
		601DACA827ABB8E000A801BC /* FirebaseStorage in Frameworks */ = {isa = PBXBuildFile; productRef = 601DACA727ABB8E000A801BC /* FirebaseStorage */; };
		601DACAA27ABD7F200A801BC /* PhotoViewerViewController.swift in Sources */ = {isa = PBXBuildFile; fileRef = 601DACA927ABD7F200A801BC /* PhotoViewerViewController.swift */; };
		601DACFE27B12BDC00A801BC /* DatingMapViewController.swift in Sources */ = {isa = PBXBuildFile; fileRef = 601DACFD27B12BDC00A801BC /* DatingMapViewController.swift */; };
		60C0432227AB16E6004B1510 /* ConversationViewController.swift in Sources */ = {isa = PBXBuildFile; fileRef = 60C0432127AB16E6004B1510 /* ConversationViewController.swift */; };
		60C0432527AB1803004B1510 /* LoginViewController.swift in Sources */ = {isa = PBXBuildFile; fileRef = 60C0432427AB1803004B1510 /* LoginViewController.swift */; };
		60C0432827AB197D004B1510 /* RegisterViewController.swift in Sources */ = {isa = PBXBuildFile; fileRef = 60C0432727AB197D004B1510 /* RegisterViewController.swift */; };
		60C0432A27AB1AF9004B1510 /* Extensions.swift in Sources */ = {isa = PBXBuildFile; fileRef = 60C0432927AB1AF9004B1510 /* Extensions.swift */; };
		6B34BCC527AA7F6C0025A307 /* User.swift in Sources */ = {isa = PBXBuildFile; fileRef = 6B34BCC427AA7F6C0025A307 /* User.swift */; };
		6B34BCC727AA80E30025A307 /* Utilities.swift in Sources */ = {isa = PBXBuildFile; fileRef = 6B34BCC627AA80E30025A307 /* Utilities.swift */; };
		6B34BCCB27AA81350025A307 /* UserController.swift in Sources */ = {isa = PBXBuildFile; fileRef = 6B34BCCA27AA81350025A307 /* UserController.swift */; };
		6B34BCCD27AA81650025A307 /* Constants.swift in Sources */ = {isa = PBXBuildFile; fileRef = 6B34BCCC27AA81650025A307 /* Constants.swift */; };
		6B8080E527B120D2003BF1C2 /* TranslationController.swift in Sources */ = {isa = PBXBuildFile; fileRef = 6B8080E427B120D2003BF1C2 /* TranslationController.swift */; };
		6B8080E927B19DCD003BF1C2 /* AffinityLogo.jpeg in Resources */ = {isa = PBXBuildFile; fileRef = 6B8080E827B19DCD003BF1C2 /* AffinityLogo.jpeg */; };
		6B83435927ACE6D2008CEE63 /* GoogleService-Info.plist in Resources */ = {isa = PBXBuildFile; fileRef = 6B83435827ACE6D2008CEE63 /* GoogleService-Info.plist */; };
		6B83435B27ACEE78008CEE63 /* ProfileSetupViewController.swift in Sources */ = {isa = PBXBuildFile; fileRef = 6B83435A27ACEE78008CEE63 /* ProfileSetupViewController.swift */; };
		6B83435D27ACEE97008CEE63 /* ImageViewController.swift in Sources */ = {isa = PBXBuildFile; fileRef = 6B83435C27ACEE97008CEE63 /* ImageViewController.swift */; };
		6B83436027ACF30B008CEE63 /* FirebaseFirestore in Frameworks */ = {isa = PBXBuildFile; productRef = 6B83435F27ACF30B008CEE63 /* FirebaseFirestore */; };
		6B85E96827AEAEC600A5D2C4 /* LocationDelegate.swift in Sources */ = {isa = PBXBuildFile; fileRef = 6B85E96727AEAEC600A5D2C4 /* LocationDelegate.swift */; };
		6B85E96A27AEAF5D00A5D2C4 /* CoreLocation.framework in Frameworks */ = {isa = PBXBuildFile; fileRef = 6B85E96927AEAF5D00A5D2C4 /* CoreLocation.framework */; };
		6B85E96C27AEE14400A5D2C4 /* SwipingViewController.swift in Sources */ = {isa = PBXBuildFile; fileRef = 6B85E96B27AEE14400A5D2C4 /* SwipingViewController.swift */; };
		F2AE275527AA7CD900B972D1 /* AppDelegate.swift in Sources */ = {isa = PBXBuildFile; fileRef = F2AE275427AA7CD900B972D1 /* AppDelegate.swift */; };
		F2AE275727AA7CD900B972D1 /* SceneDelegate.swift in Sources */ = {isa = PBXBuildFile; fileRef = F2AE275627AA7CD900B972D1 /* SceneDelegate.swift */; };
		F2AE275927AA7CD900B972D1 /* ViewController.swift in Sources */ = {isa = PBXBuildFile; fileRef = F2AE275827AA7CD900B972D1 /* ViewController.swift */; };
		F2AE275C27AA7CD900B972D1 /* Main.storyboard in Resources */ = {isa = PBXBuildFile; fileRef = F2AE275A27AA7CD900B972D1 /* Main.storyboard */; };
		F2AE275F27AA7CD900B972D1 /* MainAffinity.xcdatamodeld in Sources */ = {isa = PBXBuildFile; fileRef = F2AE275D27AA7CD900B972D1 /* MainAffinity.xcdatamodeld */; };
		F2AE276127AA7CDB00B972D1 /* Assets.xcassets in Resources */ = {isa = PBXBuildFile; fileRef = F2AE276027AA7CDB00B972D1 /* Assets.xcassets */; };
		F2AE276427AA7CDB00B972D1 /* LaunchScreen.storyboard in Resources */ = {isa = PBXBuildFile; fileRef = F2AE276227AA7CDB00B972D1 /* LaunchScreen.storyboard */; };
		F2AE276E27AAA0CC00B972D1 /* WalkthroughContentViewController.swift in Sources */ = {isa = PBXBuildFile; fileRef = F2AE276D27AAA0CC00B972D1 /* WalkthroughContentViewController.swift */; };
		F2AE277027AAA0DB00B972D1 /* WalkthroughViewController.swift in Sources */ = {isa = PBXBuildFile; fileRef = F2AE276F27AAA0DB00B972D1 /* WalkthroughViewController.swift */; };
		F2AE277227AAA0F500B972D1 /* WalkthroughPageViewController.swift in Sources */ = {isa = PBXBuildFile; fileRef = F2AE277127AAA0F500B972D1 /* WalkthroughPageViewController.swift */; };
/* End PBXBuildFile section */

/* Begin PBXFileReference section */
		601DAC8627AB2E8A00A801BC /* DatabaseManager.swift */ = {isa = PBXFileReference; lastKnownFileType = sourcecode.swift; path = DatabaseManager.swift; sourceTree = "<group>"; };
		601DAC8A27AB3F8100A801BC /* ProfileViewController.swift */ = {isa = PBXFileReference; lastKnownFileType = sourcecode.swift; path = ProfileViewController.swift; sourceTree = "<group>"; };
		601DAC9C27ABACB100A801BC /* ChatViewController.swift */ = {isa = PBXFileReference; lastKnownFileType = sourcecode.swift; path = ChatViewController.swift; sourceTree = "<group>"; };
		601DAC9E27ABB2DC00A801BC /* NewConversationViewController.swift */ = {isa = PBXFileReference; lastKnownFileType = sourcecode.swift; path = NewConversationViewController.swift; sourceTree = "<group>"; };
		601DACA027ABB78100A801BC /* StorageManager.swift */ = {isa = PBXFileReference; lastKnownFileType = sourcecode.swift; path = StorageManager.swift; sourceTree = "<group>"; };
		601DACA927ABD7F200A801BC /* PhotoViewerViewController.swift */ = {isa = PBXFileReference; lastKnownFileType = sourcecode.swift; path = PhotoViewerViewController.swift; sourceTree = "<group>"; };
		601DACFD27B12BDC00A801BC /* DatingMapViewController.swift */ = {isa = PBXFileReference; lastKnownFileType = sourcecode.swift; path = DatingMapViewController.swift; sourceTree = "<group>"; };
		60C0432127AB16E6004B1510 /* ConversationViewController.swift */ = {isa = PBXFileReference; lastKnownFileType = sourcecode.swift; path = ConversationViewController.swift; sourceTree = "<group>"; };
		60C0432427AB1803004B1510 /* LoginViewController.swift */ = {isa = PBXFileReference; lastKnownFileType = sourcecode.swift; path = LoginViewController.swift; sourceTree = "<group>"; };
		60C0432727AB197D004B1510 /* RegisterViewController.swift */ = {isa = PBXFileReference; lastKnownFileType = sourcecode.swift; path = RegisterViewController.swift; sourceTree = "<group>"; };
		60C0432927AB1AF9004B1510 /* Extensions.swift */ = {isa = PBXFileReference; lastKnownFileType = sourcecode.swift; path = Extensions.swift; sourceTree = "<group>"; };
		6B34BCC427AA7F6C0025A307 /* User.swift */ = {isa = PBXFileReference; fileEncoding = 4; lastKnownFileType = sourcecode.swift; path = User.swift; sourceTree = "<group>"; };
		6B34BCC627AA80E30025A307 /* Utilities.swift */ = {isa = PBXFileReference; fileEncoding = 4; lastKnownFileType = sourcecode.swift; path = Utilities.swift; sourceTree = "<group>"; };
		6B34BCCA27AA81350025A307 /* UserController.swift */ = {isa = PBXFileReference; fileEncoding = 4; lastKnownFileType = sourcecode.swift; path = UserController.swift; sourceTree = "<group>"; };
		6B34BCCC27AA81650025A307 /* Constants.swift */ = {isa = PBXFileReference; fileEncoding = 4; lastKnownFileType = sourcecode.swift; path = Constants.swift; sourceTree = "<group>"; };
		6B8080E427B120D2003BF1C2 /* TranslationController.swift */ = {isa = PBXFileReference; lastKnownFileType = sourcecode.swift; path = TranslationController.swift; sourceTree = "<group>"; };
		6B8080E827B19DCD003BF1C2 /* AffinityLogo.jpeg */ = {isa = PBXFileReference; lastKnownFileType = image.jpeg; path = AffinityLogo.jpeg; sourceTree = "<group>"; };
		6B83435827ACE6D2008CEE63 /* GoogleService-Info.plist */ = {isa = PBXFileReference; fileEncoding = 4; lastKnownFileType = text.plist.xml; path = "GoogleService-Info.plist"; sourceTree = "<group>"; };
		6B83435A27ACEE78008CEE63 /* ProfileSetupViewController.swift */ = {isa = PBXFileReference; fileEncoding = 4; lastKnownFileType = sourcecode.swift; path = ProfileSetupViewController.swift; sourceTree = "<group>"; };
		6B83435C27ACEE97008CEE63 /* ImageViewController.swift */ = {isa = PBXFileReference; fileEncoding = 4; lastKnownFileType = sourcecode.swift; path = ImageViewController.swift; sourceTree = "<group>"; };
		6B85E96727AEAEC600A5D2C4 /* LocationDelegate.swift */ = {isa = PBXFileReference; lastKnownFileType = sourcecode.swift; path = LocationDelegate.swift; sourceTree = "<group>"; };
		6B85E96927AEAF5D00A5D2C4 /* CoreLocation.framework */ = {isa = PBXFileReference; lastKnownFileType = wrapper.framework; name = CoreLocation.framework; path = System/Library/Frameworks/CoreLocation.framework; sourceTree = SDKROOT; };
		6B85E96B27AEE14400A5D2C4 /* SwipingViewController.swift */ = {isa = PBXFileReference; lastKnownFileType = sourcecode.swift; path = SwipingViewController.swift; sourceTree = "<group>"; };
		F2AE275127AA7CD900B972D1 /* MainAffinity.app */ = {isa = PBXFileReference; explicitFileType = wrapper.application; includeInIndex = 0; path = MainAffinity.app; sourceTree = BUILT_PRODUCTS_DIR; };
		F2AE275427AA7CD900B972D1 /* AppDelegate.swift */ = {isa = PBXFileReference; lastKnownFileType = sourcecode.swift; path = AppDelegate.swift; sourceTree = "<group>"; };
		F2AE275627AA7CD900B972D1 /* SceneDelegate.swift */ = {isa = PBXFileReference; lastKnownFileType = sourcecode.swift; path = SceneDelegate.swift; sourceTree = "<group>"; };
		F2AE275827AA7CD900B972D1 /* ViewController.swift */ = {isa = PBXFileReference; lastKnownFileType = sourcecode.swift; path = ViewController.swift; sourceTree = "<group>"; };
		F2AE275B27AA7CD900B972D1 /* Base */ = {isa = PBXFileReference; lastKnownFileType = file.storyboard; name = Base; path = Base.lproj/Main.storyboard; sourceTree = "<group>"; };
		F2AE275E27AA7CD900B972D1 /* MainAffinity.xcdatamodel */ = {isa = PBXFileReference; lastKnownFileType = wrapper.xcdatamodel; path = MainAffinity.xcdatamodel; sourceTree = "<group>"; };
		F2AE276027AA7CDB00B972D1 /* Assets.xcassets */ = {isa = PBXFileReference; lastKnownFileType = folder.assetcatalog; path = Assets.xcassets; sourceTree = "<group>"; };
		F2AE276327AA7CDB00B972D1 /* Base */ = {isa = PBXFileReference; lastKnownFileType = file.storyboard; name = Base; path = Base.lproj/LaunchScreen.storyboard; sourceTree = "<group>"; };
		F2AE276527AA7CDB00B972D1 /* Info.plist */ = {isa = PBXFileReference; lastKnownFileType = text.plist.xml; path = Info.plist; sourceTree = "<group>"; };
		F2AE276D27AAA0CC00B972D1 /* WalkthroughContentViewController.swift */ = {isa = PBXFileReference; lastKnownFileType = sourcecode.swift; path = WalkthroughContentViewController.swift; sourceTree = "<group>"; };
		F2AE276F27AAA0DB00B972D1 /* WalkthroughViewController.swift */ = {isa = PBXFileReference; lastKnownFileType = sourcecode.swift; path = WalkthroughViewController.swift; sourceTree = "<group>"; };
		F2AE277127AAA0F500B972D1 /* WalkthroughPageViewController.swift */ = {isa = PBXFileReference; lastKnownFileType = sourcecode.swift; path = WalkthroughPageViewController.swift; sourceTree = "<group>"; };
/* End PBXFileReference section */

/* Begin PBXFrameworksBuildPhase section */
		F2AE274E27AA7CD900B972D1 /* Frameworks */ = {
			isa = PBXFrameworksBuildPhase;
			buildActionMask = 2147483647;
			files = (
				6B85E96A27AEAF5D00A5D2C4 /* CoreLocation.framework in Frameworks */,
				601DAC9627AB66F000A801BC /* RealmSwift in Frameworks */,
				601DAC9127AB628700A801BC /* JGProgressHUD in Frameworks */,
				601DACA827ABB8E000A801BC /* FirebaseStorage in Frameworks */,
				6B83436027ACF30B008CEE63 /* FirebaseFirestore in Frameworks */,
				601DAC8E27AB622600A801BC /* MessageKit in Frameworks */,
				601DAC9927AB673500A801BC /* SDWebImage in Frameworks */,
				601DAC9B27AB673500A801BC /* SDWebImageMapKit in Frameworks */,
				601DACA427ABB8E000A801BC /* FirebaseAuth in Frameworks */,
				601DACA627ABB8E000A801BC /* FirebaseDatabase in Frameworks */,
				601DAC9427AB66F000A801BC /* Realm in Frameworks */,
			);
			runOnlyForDeploymentPostprocessing = 0;
		};
/* End PBXFrameworksBuildPhase section */

/* Begin PBXGroup section */
		601DACF627AEBD4D00A801BC /* removable */ = {
			isa = PBXGroup;
			children = (
				60C0432127AB16E6004B1510 /* ConversationViewController.swift */,
				601DAC8A27AB3F8100A801BC /* ProfileViewController.swift */,
				601DAC9E27ABB2DC00A801BC /* NewConversationViewController.swift */,
				601DACA927ABD7F200A801BC /* PhotoViewerViewController.swift */,
				601DAC9C27ABACB100A801BC /* ChatViewController.swift */,
			);
			path = removable;
			sourceTree = "<group>";
		};
		60C0432627AB196D004B1510 /* Login */ = {
			isa = PBXGroup;
			children = (
				60C0432427AB1803004B1510 /* LoginViewController.swift */,
				60C0432727AB197D004B1510 /* RegisterViewController.swift */,
			);
			path = Login;
			sourceTree = "<group>";
		};
		60DD4D9727AA8509007512F8 /* Resources */ = {
			isa = PBXGroup;
			children = (
				F2AE275427AA7CD900B972D1 /* AppDelegate.swift */,
				F2AE275627AA7CD900B972D1 /* SceneDelegate.swift */,
				60C0432927AB1AF9004B1510 /* Extensions.swift */,
				601DAC8627AB2E8A00A801BC /* DatabaseManager.swift */,
				601DACA027ABB78100A801BC /* StorageManager.swift */,
			);
			path = Resources;
			sourceTree = "<group>";
		};
		60DD4D9B27AA859A007512F8 /* Views */ = {
			isa = PBXGroup;
			children = (
				60DD4D9D27AA85DC007512F8 /* Storyboards */,
				F2AE276027AA7CDB00B972D1 /* Assets.xcassets */,
			);
			path = Views;
			sourceTree = "<group>";
		};
		60DD4D9C27AA85AB007512F8 /*  Controllers */ = {
			isa = PBXGroup;
			children = (
				601DACF627AEBD4D00A801BC /* removable */,
				F2AE275827AA7CD900B972D1 /* ViewController.swift */,
				60C0432627AB196D004B1510 /* Login */,
				F2AE276D27AAA0CC00B972D1 /* WalkthroughContentViewController.swift */,
				F2AE276F27AAA0DB00B972D1 /* WalkthroughViewController.swift */,
				F2AE277127AAA0F500B972D1 /* WalkthroughPageViewController.swift */,
				6B83435A27ACEE78008CEE63 /* ProfileSetupViewController.swift */,
				6B83435C27ACEE97008CEE63 /* ImageViewController.swift */,
				601DACFD27B12BDC00A801BC /* DatingMapViewController.swift */,
			);
			path = " Controllers";
			sourceTree = "<group>";
		};
		60DD4D9D27AA85DC007512F8 /* Storyboards */ = {
			isa = PBXGroup;
			children = (
				F2AE275A27AA7CD900B972D1 /* Main.storyboard */,
				F2AE276227AA7CDB00B972D1 /* LaunchScreen.storyboard */,
			);
			path = Storyboards;
			sourceTree = "<group>";
		};
		6B34BCC927AA81190025A307 /* CoreData */ = {
			isa = PBXGroup;
			children = (
				6B34BCCA27AA81350025A307 /* UserController.swift */,
			);
			path = CoreData;
			sourceTree = "<group>";
		};
		6B83435E27ACF30B008CEE63 /* Frameworks */ = {
			isa = PBXGroup;
			children = (
				6B85E96927AEAF5D00A5D2C4 /* CoreLocation.framework */,
			);
			name = Frameworks;
			sourceTree = "<group>";
		};
		F2AE274827AA7CD900B972D1 = {
			isa = PBXGroup;
			children = (
				F2AE275327AA7CD900B972D1 /* MainAffinity */,
				F2AE275227AA7CD900B972D1 /* Products */,
				6B83435E27ACF30B008CEE63 /* Frameworks */,
			);
			sourceTree = "<group>";
		};
		F2AE275227AA7CD900B972D1 /* Products */ = {
			isa = PBXGroup;
			children = (
				F2AE275127AA7CD900B972D1 /* MainAffinity.app */,
			);
			name = Products;
			sourceTree = "<group>";
		};
		F2AE275327AA7CD900B972D1 /* MainAffinity */ = {
			isa = PBXGroup;
			children = (
				6B8080E827B19DCD003BF1C2 /* AffinityLogo.jpeg */,
				6B83435827ACE6D2008CEE63 /* GoogleService-Info.plist */,
				6B34BCC927AA81190025A307 /* CoreData */,
				60DD4D9727AA8509007512F8 /* Resources */,
				60DD4D9C27AA85AB007512F8 /*  Controllers */,
				60DD4D9B27AA859A007512F8 /* Views */,
				6B34BCC427AA7F6C0025A307 /* User.swift */,
				F2AE276527AA7CDB00B972D1 /* Info.plist */,
				6B34BCCC27AA81650025A307 /* Constants.swift */,
				6B34BCC627AA80E30025A307 /* Utilities.swift */,
				F2AE275D27AA7CD900B972D1 /* MainAffinity.xcdatamodeld */,
				6B85E96727AEAEC600A5D2C4 /* LocationDelegate.swift */,
				6B85E96B27AEE14400A5D2C4 /* SwipingViewController.swift */,
				6B8080E427B120D2003BF1C2 /* TranslationController.swift */,
			);
			path = MainAffinity;
			sourceTree = "<group>";
		};
/* End PBXGroup section */

/* Begin PBXNativeTarget section */
		F2AE275027AA7CD900B972D1 /* MainAffinity */ = {
			isa = PBXNativeTarget;
			buildConfigurationList = F2AE276827AA7CDB00B972D1 /* Build configuration list for PBXNativeTarget "MainAffinity" */;
			buildPhases = (
				F2AE274D27AA7CD900B972D1 /* Sources */,
				F2AE274E27AA7CD900B972D1 /* Frameworks */,
				F2AE274F27AA7CD900B972D1 /* Resources */,
			);
			buildRules = (
			);
			dependencies = (
			);
			name = MainAffinity;
			packageProductDependencies = (
				601DAC8D27AB622600A801BC /* MessageKit */,
				601DAC9027AB628700A801BC /* JGProgressHUD */,
				601DAC9327AB66F000A801BC /* Realm */,
				601DAC9527AB66F000A801BC /* RealmSwift */,
				601DAC9827AB673500A801BC /* SDWebImage */,
				601DAC9A27AB673500A801BC /* SDWebImageMapKit */,
				601DACA327ABB8E000A801BC /* FirebaseAuth */,
				601DACA527ABB8E000A801BC /* FirebaseDatabase */,
				601DACA727ABB8E000A801BC /* FirebaseStorage */,
				6B83435F27ACF30B008CEE63 /* FirebaseFirestore */,
			);
			productName = MainAffinity;
			productReference = F2AE275127AA7CD900B972D1 /* MainAffinity.app */;
			productType = "com.apple.product-type.application";
		};
/* End PBXNativeTarget section */

/* Begin PBXProject section */
		F2AE274927AA7CD900B972D1 /* Project object */ = {
			isa = PBXProject;
			attributes = {
				BuildIndependentTargetsInParallel = 1;
				LastSwiftUpdateCheck = 1310;
				LastUpgradeCheck = 1310;
				TargetAttributes = {
					F2AE275027AA7CD900B972D1 = {
						CreatedOnToolsVersion = 13.1;
					};
				};
			};
			buildConfigurationList = F2AE274C27AA7CD900B972D1 /* Build configuration list for PBXProject "MainAffinity" */;
			compatibilityVersion = "Xcode 13.0";
			developmentRegion = en;
			hasScannedForEncodings = 0;
			knownRegions = (
				en,
				Base,
			);
			mainGroup = F2AE274827AA7CD900B972D1;
			packageReferences = (
				601DAC8C27AB622500A801BC /* XCRemoteSwiftPackageReference "MessageKit" */,
				601DAC8F27AB628700A801BC /* XCRemoteSwiftPackageReference "JGProgressHUD" */,
				601DAC9227AB66F000A801BC /* XCRemoteSwiftPackageReference "realm-swift" */,
				601DAC9727AB673500A801BC /* XCRemoteSwiftPackageReference "SDWebImage" */,
				601DACA227ABB8E000A801BC /* XCRemoteSwiftPackageReference "firebase-ios-sdk" */,
			);
			productRefGroup = F2AE275227AA7CD900B972D1 /* Products */;
			projectDirPath = "";
			projectRoot = "";
			targets = (
				F2AE275027AA7CD900B972D1 /* MainAffinity */,
			);
		};
/* End PBXProject section */

/* Begin PBXResourcesBuildPhase section */
		F2AE274F27AA7CD900B972D1 /* Resources */ = {
			isa = PBXResourcesBuildPhase;
			buildActionMask = 2147483647;
			files = (
				F2AE276427AA7CDB00B972D1 /* LaunchScreen.storyboard in Resources */,
				6B8080E927B19DCD003BF1C2 /* AffinityLogo.jpeg in Resources */,
				6B83435927ACE6D2008CEE63 /* GoogleService-Info.plist in Resources */,
				F2AE276127AA7CDB00B972D1 /* Assets.xcassets in Resources */,
				F2AE275C27AA7CD900B972D1 /* Main.storyboard in Resources */,
			);
			runOnlyForDeploymentPostprocessing = 0;
		};
/* End PBXResourcesBuildPhase section */

/* Begin PBXSourcesBuildPhase section */
		F2AE274D27AA7CD900B972D1 /* Sources */ = {
			isa = PBXSourcesBuildPhase;
			buildActionMask = 2147483647;
			files = (
				601DAC8727AB2E8A00A801BC /* DatabaseManager.swift in Sources */,
				6B34BCC727AA80E30025A307 /* Utilities.swift in Sources */,
				F2AE275F27AA7CD900B972D1 /* MainAffinity.xcdatamodeld in Sources */,
				60C0432227AB16E6004B1510 /* ConversationViewController.swift in Sources */,
				F2AE275927AA7CD900B972D1 /* ViewController.swift in Sources */,
				F2AE275527AA7CD900B972D1 /* AppDelegate.swift in Sources */,
				6B83435D27ACEE97008CEE63 /* ImageViewController.swift in Sources */,
				F2AE277227AAA0F500B972D1 /* WalkthroughPageViewController.swift in Sources */,
				601DACA127ABB78100A801BC /* StorageManager.swift in Sources */,
				6B83435B27ACEE78008CEE63 /* ProfileSetupViewController.swift in Sources */,
				601DAC8B27AB3F8100A801BC /* ProfileViewController.swift in Sources */,
				6B34BCCB27AA81350025A307 /* UserController.swift in Sources */,
				601DAC9F27ABB2DC00A801BC /* NewConversationViewController.swift in Sources */,
				6B85E96827AEAEC600A5D2C4 /* LocationDelegate.swift in Sources */,
				6B34BCC527AA7F6C0025A307 /* User.swift in Sources */,
				6B8080E527B120D2003BF1C2 /* TranslationController.swift in Sources */,
				F2AE276E27AAA0CC00B972D1 /* WalkthroughContentViewController.swift in Sources */,
				60C0432827AB197D004B1510 /* RegisterViewController.swift in Sources */,
				60C0432A27AB1AF9004B1510 /* Extensions.swift in Sources */,
				F2AE275727AA7CD900B972D1 /* SceneDelegate.swift in Sources */,
				6B34BCCD27AA81650025A307 /* Constants.swift in Sources */,
				601DACAA27ABD7F200A801BC /* PhotoViewerViewController.swift in Sources */,
				60C0432527AB1803004B1510 /* LoginViewController.swift in Sources */,
				601DACFE27B12BDC00A801BC /* DatingMapViewController.swift in Sources */,
				601DAC9D27ABACB100A801BC /* ChatViewController.swift in Sources */,
				6B85E96C27AEE14400A5D2C4 /* SwipingViewController.swift in Sources */,
				F2AE277027AAA0DB00B972D1 /* WalkthroughViewController.swift in Sources */,
			);
			runOnlyForDeploymentPostprocessing = 0;
		};
/* End PBXSourcesBuildPhase section */

/* Begin PBXVariantGroup section */
		F2AE275A27AA7CD900B972D1 /* Main.storyboard */ = {
			isa = PBXVariantGroup;
			children = (
				F2AE275B27AA7CD900B972D1 /* Base */,
			);
			name = Main.storyboard;
			sourceTree = "<group>";
		};
		F2AE276227AA7CDB00B972D1 /* LaunchScreen.storyboard */ = {
			isa = PBXVariantGroup;
			children = (
				F2AE276327AA7CDB00B972D1 /* Base */,
			);
			name = LaunchScreen.storyboard;
			sourceTree = "<group>";
		};
/* End PBXVariantGroup section */

/* Begin XCBuildConfiguration section */
		F2AE276627AA7CDB00B972D1 /* Debug */ = {
			isa = XCBuildConfiguration;
			buildSettings = {
				ALWAYS_SEARCH_USER_PATHS = NO;
				CLANG_ANALYZER_NONNULL = YES;
				CLANG_ANALYZER_NUMBER_OBJECT_CONVERSION = YES_AGGRESSIVE;
				CLANG_CXX_LANGUAGE_STANDARD = "gnu++17";
				CLANG_CXX_LIBRARY = "libc++";
				CLANG_ENABLE_MODULES = YES;
				CLANG_ENABLE_OBJC_ARC = YES;
				CLANG_ENABLE_OBJC_WEAK = YES;
				CLANG_WARN_BLOCK_CAPTURE_AUTORELEASING = YES;
				CLANG_WARN_BOOL_CONVERSION = YES;
				CLANG_WARN_COMMA = YES;
				CLANG_WARN_CONSTANT_CONVERSION = YES;
				CLANG_WARN_DEPRECATED_OBJC_IMPLEMENTATIONS = YES;
				CLANG_WARN_DIRECT_OBJC_ISA_USAGE = YES_ERROR;
				CLANG_WARN_DOCUMENTATION_COMMENTS = YES;
				CLANG_WARN_EMPTY_BODY = YES;
				CLANG_WARN_ENUM_CONVERSION = YES;
				CLANG_WARN_INFINITE_RECURSION = YES;
				CLANG_WARN_INT_CONVERSION = YES;
				CLANG_WARN_NON_LITERAL_NULL_CONVERSION = YES;
				CLANG_WARN_OBJC_IMPLICIT_RETAIN_SELF = YES;
				CLANG_WARN_OBJC_LITERAL_CONVERSION = YES;
				CLANG_WARN_OBJC_ROOT_CLASS = YES_ERROR;
				CLANG_WARN_QUOTED_INCLUDE_IN_FRAMEWORK_HEADER = YES;
				CLANG_WARN_RANGE_LOOP_ANALYSIS = YES;
				CLANG_WARN_STRICT_PROTOTYPES = YES;
				CLANG_WARN_SUSPICIOUS_MOVE = YES;
				CLANG_WARN_UNGUARDED_AVAILABILITY = YES_AGGRESSIVE;
				CLANG_WARN_UNREACHABLE_CODE = YES;
				CLANG_WARN__DUPLICATE_METHOD_MATCH = YES;
				COPY_PHASE_STRIP = NO;
				DEBUG_INFORMATION_FORMAT = dwarf;
				ENABLE_STRICT_OBJC_MSGSEND = YES;
				ENABLE_TESTABILITY = YES;
				GCC_C_LANGUAGE_STANDARD = gnu11;
				GCC_DYNAMIC_NO_PIC = NO;
				GCC_NO_COMMON_BLOCKS = YES;
				GCC_OPTIMIZATION_LEVEL = 0;
				GCC_PREPROCESSOR_DEFINITIONS = (
					"DEBUG=1",
					"$(inherited)",
				);
				GCC_WARN_64_TO_32_BIT_CONVERSION = YES;
				GCC_WARN_ABOUT_RETURN_TYPE = YES_ERROR;
				GCC_WARN_UNDECLARED_SELECTOR = YES;
				GCC_WARN_UNINITIALIZED_AUTOS = YES_AGGRESSIVE;
				GCC_WARN_UNUSED_FUNCTION = YES;
				GCC_WARN_UNUSED_VARIABLE = YES;
				IPHONEOS_DEPLOYMENT_TARGET = 15.0;
				MTL_ENABLE_DEBUG_INFO = INCLUDE_SOURCE;
				MTL_FAST_MATH = YES;
				ONLY_ACTIVE_ARCH = YES;
				SDKROOT = iphoneos;
				SWIFT_ACTIVE_COMPILATION_CONDITIONS = DEBUG;
				SWIFT_OPTIMIZATION_LEVEL = "-Onone";
			};
			name = Debug;
		};
		F2AE276727AA7CDB00B972D1 /* Release */ = {
			isa = XCBuildConfiguration;
			buildSettings = {
				ALWAYS_SEARCH_USER_PATHS = NO;
				CLANG_ANALYZER_NONNULL = YES;
				CLANG_ANALYZER_NUMBER_OBJECT_CONVERSION = YES_AGGRESSIVE;
				CLANG_CXX_LANGUAGE_STANDARD = "gnu++17";
				CLANG_CXX_LIBRARY = "libc++";
				CLANG_ENABLE_MODULES = YES;
				CLANG_ENABLE_OBJC_ARC = YES;
				CLANG_ENABLE_OBJC_WEAK = YES;
				CLANG_WARN_BLOCK_CAPTURE_AUTORELEASING = YES;
				CLANG_WARN_BOOL_CONVERSION = YES;
				CLANG_WARN_COMMA = YES;
				CLANG_WARN_CONSTANT_CONVERSION = YES;
				CLANG_WARN_DEPRECATED_OBJC_IMPLEMENTATIONS = YES;
				CLANG_WARN_DIRECT_OBJC_ISA_USAGE = YES_ERROR;
				CLANG_WARN_DOCUMENTATION_COMMENTS = YES;
				CLANG_WARN_EMPTY_BODY = YES;
				CLANG_WARN_ENUM_CONVERSION = YES;
				CLANG_WARN_INFINITE_RECURSION = YES;
				CLANG_WARN_INT_CONVERSION = YES;
				CLANG_WARN_NON_LITERAL_NULL_CONVERSION = YES;
				CLANG_WARN_OBJC_IMPLICIT_RETAIN_SELF = YES;
				CLANG_WARN_OBJC_LITERAL_CONVERSION = YES;
				CLANG_WARN_OBJC_ROOT_CLASS = YES_ERROR;
				CLANG_WARN_QUOTED_INCLUDE_IN_FRAMEWORK_HEADER = YES;
				CLANG_WARN_RANGE_LOOP_ANALYSIS = YES;
				CLANG_WARN_STRICT_PROTOTYPES = YES;
				CLANG_WARN_SUSPICIOUS_MOVE = YES;
				CLANG_WARN_UNGUARDED_AVAILABILITY = YES_AGGRESSIVE;
				CLANG_WARN_UNREACHABLE_CODE = YES;
				CLANG_WARN__DUPLICATE_METHOD_MATCH = YES;
				COPY_PHASE_STRIP = NO;
				DEBUG_INFORMATION_FORMAT = "dwarf-with-dsym";
				ENABLE_NS_ASSERTIONS = NO;
				ENABLE_STRICT_OBJC_MSGSEND = YES;
				GCC_C_LANGUAGE_STANDARD = gnu11;
				GCC_NO_COMMON_BLOCKS = YES;
				GCC_WARN_64_TO_32_BIT_CONVERSION = YES;
				GCC_WARN_ABOUT_RETURN_TYPE = YES_ERROR;
				GCC_WARN_UNDECLARED_SELECTOR = YES;
				GCC_WARN_UNINITIALIZED_AUTOS = YES_AGGRESSIVE;
				GCC_WARN_UNUSED_FUNCTION = YES;
				GCC_WARN_UNUSED_VARIABLE = YES;
				IPHONEOS_DEPLOYMENT_TARGET = 15.0;
				MTL_ENABLE_DEBUG_INFO = NO;
				MTL_FAST_MATH = YES;
				SDKROOT = iphoneos;
				SWIFT_COMPILATION_MODE = wholemodule;
				SWIFT_OPTIMIZATION_LEVEL = "-O";
				VALIDATE_PRODUCT = YES;
			};
			name = Release;
		};
		F2AE276927AA7CDB00B972D1 /* Debug */ = {
			isa = XCBuildConfiguration;
			buildSettings = {
				ASSETCATALOG_COMPILER_APPICON_NAME = AppIcon;
				ASSETCATALOG_COMPILER_GLOBAL_ACCENT_COLOR_NAME = AccentColor;
				ASSETCATALOG_COMPILER_INCLUDE_ALL_APPICON_ASSETS = YES;
				CODE_SIGN_STYLE = Automatic;
				CURRENT_PROJECT_VERSION = 1;
				DEVELOPMENT_TEAM = Y4CK64QDXA;
				GENERATE_INFOPLIST_FILE = YES;
				INFOPLIST_FILE = MainAffinity/Info.plist;
				INFOPLIST_KEY_CFBundleDisplayName = Affinity;
				INFOPLIST_KEY_NSCameraUsageDescription = "";
				INFOPLIST_KEY_NSLocationWhenInUseUsageDescription = "";
				INFOPLIST_KEY_NSMainNibFile = LaunchScreen;
				INFOPLIST_KEY_NSPhotoLibraryAddUsageDescription = "Please allow access to select a photo for your profile.";
				INFOPLIST_KEY_NSPhotoLibraryUsageDescription = "";
				INFOPLIST_KEY_UIApplicationSupportsIndirectInputEvents = YES;
				INFOPLIST_KEY_UILaunchStoryboardName = LaunchScreen;
				INFOPLIST_KEY_UISupportedInterfaceOrientations_iPad = "UIInterfaceOrientationPortrait UIInterfaceOrientationPortraitUpsideDown UIInterfaceOrientationLandscapeLeft UIInterfaceOrientationLandscapeRight";
				INFOPLIST_KEY_UISupportedInterfaceOrientations_iPhone = "UIInterfaceOrientationPortrait UIInterfaceOrientationLandscapeLeft UIInterfaceOrientationLandscapeRight";
				LD_RUNPATH_SEARCH_PATHS = (
					"$(inherited)",
					"@executable_path/Frameworks",
				);
				MARKETING_VERSION = 1.0;
				PRODUCT_BUNDLE_IDENTIFIER = JNKWEKMASHUK.MainAffinity;
				PRODUCT_NAME = "$(TARGET_NAME)";
				SWIFT_EMIT_LOC_STRINGS = YES;
				SWIFT_VERSION = 5.0;
				TARGETED_DEVICE_FAMILY = "1,2";
			};
			name = Debug;
		};
		F2AE276A27AA7CDB00B972D1 /* Release */ = {
			isa = XCBuildConfiguration;
			buildSettings = {
				ASSETCATALOG_COMPILER_APPICON_NAME = AppIcon;
				ASSETCATALOG_COMPILER_GLOBAL_ACCENT_COLOR_NAME = AccentColor;
				ASSETCATALOG_COMPILER_INCLUDE_ALL_APPICON_ASSETS = YES;
				CODE_SIGN_STYLE = Automatic;
				CURRENT_PROJECT_VERSION = 1;
				DEVELOPMENT_TEAM = Y4CK64QDXA;
				GENERATE_INFOPLIST_FILE = YES;
				INFOPLIST_FILE = MainAffinity/Info.plist;
				INFOPLIST_KEY_CFBundleDisplayName = Affinity;
				INFOPLIST_KEY_NSCameraUsageDescription = "";
				INFOPLIST_KEY_NSLocationWhenInUseUsageDescription = "";
				INFOPLIST_KEY_NSMainNibFile = LaunchScreen;
				INFOPLIST_KEY_NSPhotoLibraryAddUsageDescription = "Please allow access to select a photo for your profile.";
				INFOPLIST_KEY_NSPhotoLibraryUsageDescription = "";
				INFOPLIST_KEY_UIApplicationSupportsIndirectInputEvents = YES;
				INFOPLIST_KEY_UILaunchStoryboardName = LaunchScreen;
				INFOPLIST_KEY_UISupportedInterfaceOrientations_iPad = "UIInterfaceOrientationPortrait UIInterfaceOrientationPortraitUpsideDown UIInterfaceOrientationLandscapeLeft UIInterfaceOrientationLandscapeRight";
				INFOPLIST_KEY_UISupportedInterfaceOrientations_iPhone = "UIInterfaceOrientationPortrait UIInterfaceOrientationLandscapeLeft UIInterfaceOrientationLandscapeRight";
				LD_RUNPATH_SEARCH_PATHS = (
					"$(inherited)",
					"@executable_path/Frameworks",
				);
				MARKETING_VERSION = 1.0;
				PRODUCT_BUNDLE_IDENTIFIER = JNKWEKMASHUK.MainAffinity;
				PRODUCT_NAME = "$(TARGET_NAME)";
				SWIFT_EMIT_LOC_STRINGS = YES;
				SWIFT_VERSION = 5.0;
				TARGETED_DEVICE_FAMILY = "1,2";
			};
			name = Release;
		};
/* End XCBuildConfiguration section */

/* Begin XCConfigurationList section */
		F2AE274C27AA7CD900B972D1 /* Build configuration list for PBXProject "MainAffinity" */ = {
			isa = XCConfigurationList;
			buildConfigurations = (
				F2AE276627AA7CDB00B972D1 /* Debug */,
				F2AE276727AA7CDB00B972D1 /* Release */,
			);
			defaultConfigurationIsVisible = 0;
			defaultConfigurationName = Release;
		};
		F2AE276827AA7CDB00B972D1 /* Build configuration list for PBXNativeTarget "MainAffinity" */ = {
			isa = XCConfigurationList;
			buildConfigurations = (
				F2AE276927AA7CDB00B972D1 /* Debug */,
				F2AE276A27AA7CDB00B972D1 /* Release */,
			);
			defaultConfigurationIsVisible = 0;
			defaultConfigurationName = Release;
		};
/* End XCConfigurationList section */

/* Begin XCRemoteSwiftPackageReference section */
		601DAC8C27AB622500A801BC /* XCRemoteSwiftPackageReference "MessageKit" */ = {
			isa = XCRemoteSwiftPackageReference;
			repositoryURL = "https://github.com/MessageKit/MessageKit.git";
			requirement = {
				branch = master;
				kind = branch;
			};
		};
		601DAC8F27AB628700A801BC /* XCRemoteSwiftPackageReference "JGProgressHUD" */ = {
			isa = XCRemoteSwiftPackageReference;
			repositoryURL = "https://github.com/JonasGessner/JGProgressHUD.git";
			requirement = {
				branch = master;
				kind = branch;
			};
		};
		601DAC9227AB66F000A801BC /* XCRemoteSwiftPackageReference "realm-swift" */ = {
			isa = XCRemoteSwiftPackageReference;
			repositoryURL = "https://github.com/realm/realm-swift.git";
			requirement = {
				branch = master;
				kind = branch;
			};
		};
		601DAC9727AB673500A801BC /* XCRemoteSwiftPackageReference "SDWebImage" */ = {
			isa = XCRemoteSwiftPackageReference;
			repositoryURL = "https://github.com/SDWebImage/SDWebImage.git";
			requirement = {
				branch = master;
				kind = branch;
			};
		};
		601DACA227ABB8E000A801BC /* XCRemoteSwiftPackageReference "firebase-ios-sdk" */ = {
			isa = XCRemoteSwiftPackageReference;
			repositoryURL = "https://github.com/firebase/firebase-ios-sdk.git";
			requirement = {
				kind = exactVersion;
				version = 8.9.1;
			};
		};
/* End XCRemoteSwiftPackageReference section */

/* Begin XCSwiftPackageProductDependency section */
		601DAC8D27AB622600A801BC /* MessageKit */ = {
			isa = XCSwiftPackageProductDependency;
			package = 601DAC8C27AB622500A801BC /* XCRemoteSwiftPackageReference "MessageKit" */;
			productName = MessageKit;
		};
		601DAC9027AB628700A801BC /* JGProgressHUD */ = {
			isa = XCSwiftPackageProductDependency;
			package = 601DAC8F27AB628700A801BC /* XCRemoteSwiftPackageReference "JGProgressHUD" */;
			productName = JGProgressHUD;
		};
		601DAC9327AB66F000A801BC /* Realm */ = {
			isa = XCSwiftPackageProductDependency;
			package = 601DAC9227AB66F000A801BC /* XCRemoteSwiftPackageReference "realm-swift" */;
			productName = Realm;
		};
		601DAC9527AB66F000A801BC /* RealmSwift */ = {
			isa = XCSwiftPackageProductDependency;
			package = 601DAC9227AB66F000A801BC /* XCRemoteSwiftPackageReference "realm-swift" */;
			productName = RealmSwift;
		};
		601DAC9827AB673500A801BC /* SDWebImage */ = {
			isa = XCSwiftPackageProductDependency;
			package = 601DAC9727AB673500A801BC /* XCRemoteSwiftPackageReference "SDWebImage" */;
			productName = SDWebImage;
		};
		601DAC9A27AB673500A801BC /* SDWebImageMapKit */ = {
			isa = XCSwiftPackageProductDependency;
			package = 601DAC9727AB673500A801BC /* XCRemoteSwiftPackageReference "SDWebImage" */;
			productName = SDWebImageMapKit;
		};
		601DACA327ABB8E000A801BC /* FirebaseAuth */ = {
			isa = XCSwiftPackageProductDependency;
			package = 601DACA227ABB8E000A801BC /* XCRemoteSwiftPackageReference "firebase-ios-sdk" */;
			productName = FirebaseAuth;
		};
		601DACA527ABB8E000A801BC /* FirebaseDatabase */ = {
			isa = XCSwiftPackageProductDependency;
			package = 601DACA227ABB8E000A801BC /* XCRemoteSwiftPackageReference "firebase-ios-sdk" */;
			productName = FirebaseDatabase;
		};
		601DACA727ABB8E000A801BC /* FirebaseStorage */ = {
			isa = XCSwiftPackageProductDependency;
			package = 601DACA227ABB8E000A801BC /* XCRemoteSwiftPackageReference "firebase-ios-sdk" */;
			productName = FirebaseStorage;
		};
		6B83435F27ACF30B008CEE63 /* FirebaseFirestore */ = {
			isa = XCSwiftPackageProductDependency;
			package = 601DACA227ABB8E000A801BC /* XCRemoteSwiftPackageReference "firebase-ios-sdk" */;
			productName = FirebaseFirestore;
		};
/* End XCSwiftPackageProductDependency section */

/* Begin XCVersionGroup section */
		F2AE275D27AA7CD900B972D1 /* MainAffinity.xcdatamodeld */ = {
			isa = XCVersionGroup;
			children = (
				F2AE275E27AA7CD900B972D1 /* MainAffinity.xcdatamodel */,
			);
			currentVersion = F2AE275E27AA7CD900B972D1 /* MainAffinity.xcdatamodel */;
			path = MainAffinity.xcdatamodeld;
			sourceTree = "<group>";
			versionGroupType = wrapper.xcdatamodel;
		};
/* End XCVersionGroup section */
	};
	rootObject = F2AE274927AA7CD900B972D1 /* Project object */;
}
